
Microsoft Visual Studio Solution File, Format Version 12.00
# Visual Studio 2012
Project("{FAE04EC0-301F-11D3-BF4B-00C04F79EFBC}") = "XBountyHunter", "XBountyHunter\XBountyHunter.csproj", "{268C5F58-1AFD-4946-98EE-74E3B3591E2A}"
EndProject
Project("{FAE04EC0-301F-11D3-BF4B-00C04F79EFBC}") = "XBountyHunter.iOS", "iOS\XBountyHunter.iOS.csproj", "{8279082A-CE9B-48C4-B275-78468F5B5317}"
EndProject
Project("{FAE04EC0-301F-11D3-BF4B-00C04F79EFBC}") = "XBountyHunter.Droid", "Droid\XBountyHunter.Droid.csproj", "{A08CD8CC-2FEE-4A5C-9CB3-496E6080F281}"
EndProject
Global
	GlobalSection(SolutionConfigurationPlatforms) = preSolution
		Debug|Any CPU = Debug|Any CPU
		Release|Any CPU = Release|Any CPU
		Debug|iPhoneSimulator = Debug|iPhoneSimulator
		Release|iPhone = Release|iPhone
		Release|iPhoneSimulator = Release|iPhoneSimulator
		Debug|iPhone = Debug|iPhone
	EndGlobalSection
	GlobalSection(ProjectConfigurationPlatforms) = postSolution
		{268C5F58-1AFD-4946-98EE-74E3B3591E2A}.Debug|Any CPU.ActiveCfg = Debug|Any CPU
		{268C5F58-1AFD-4946-98EE-74E3B3591E2A}.Debug|Any CPU.Build.0 = Debug|Any CPU
		{268C5F58-1AFD-4946-98EE-74E3B3591E2A}.Release|Any CPU.ActiveCfg = Release|Any CPU
		{268C5F58-1AFD-4946-98EE-74E3B3591E2A}.Release|Any CPU.Build.0 = Release|Any CPU
		{268C5F58-1AFD-4946-98EE-74E3B3591E2A}.Debug|iPhoneSimulator.ActiveCfg = Debug|Any CPU
		{268C5F58-1AFD-4946-98EE-74E3B3591E2A}.Debug|iPhoneSimulator.Build.0 = Debug|Any CPU
		{268C5F58-1AFD-4946-98EE-74E3B3591E2A}.Release|iPhone.ActiveCfg = Release|Any CPU
		{268C5F58-1AFD-4946-98EE-74E3B3591E2A}.Release|iPhone.Build.0 = Release|Any CPU
		{268C5F58-1AFD-4946-98EE-74E3B3591E2A}.Release|iPhoneSimulator.ActiveCfg = Release|Any CPU
		{268C5F58-1AFD-4946-98EE-74E3B3591E2A}.Release|iPhoneSimulator.Build.0 = Release|Any CPU
		{268C5F58-1AFD-4946-98EE-74E3B3591E2A}.Debug|iPhone.ActiveCfg = Debug|Any CPU
		{268C5F58-1AFD-4946-98EE-74E3B3591E2A}.Debug|iPhone.Build.0 = Debug|Any CPU
		{8279082A-CE9B-48C4-B275-78468F5B5317}.Debug|Any CPU.ActiveCfg = Debug|iPhoneSimulator
		{8279082A-CE9B-48C4-B275-78468F5B5317}.Debug|Any CPU.Build.0 = Debug|iPhoneSimulator
		{8279082A-CE9B-48C4-B275-78468F5B5317}.Release|Any CPU.ActiveCfg = Release|iPhone
		{8279082A-CE9B-48C4-B275-78468F5B5317}.Release|Any CPU.Build.0 = Release|iPhone
		{8279082A-CE9B-48C4-B275-78468F5B5317}.Debug|iPhoneSimulator.ActiveCfg = Debug|iPhoneSimulator
		{8279082A-CE9B-48C4-B275-78468F5B5317}.Debug|iPhoneSimulator.Build.0 = Debug|iPhoneSimulator
		{8279082A-CE9B-48C4-B275-78468F5B5317}.Release|iPhone.ActiveCfg = Release|iPhone
		{8279082A-CE9B-48C4-B275-78468F5B5317}.Release|iPhone.Build.0 = Release|iPhone
		{8279082A-CE9B-48C4-B275-78468F5B5317}.Release|iPhoneSimulator.ActiveCfg = Release|iPhoneSimulator
		{8279082A-CE9B-48C4-B275-78468F5B5317}.Release|iPhoneSimulator.Build.0 = Release|iPhoneSimulator
		{8279082A-CE9B-48C4-B275-78468F5B5317}.Debug|iPhone.ActiveCfg = Debug|iPhone
		{8279082A-CE9B-48C4-B275-78468F5B5317}.Debug|iPhone.Build.0 = Debug|iPhone
		{A08CD8CC-2FEE-4A5C-9CB3-496E6080F281}.Debug|Any CPU.ActiveCfg = Debug|Any CPU
		{A08CD8CC-2FEE-4A5C-9CB3-496E6080F281}.Debug|Any CPU.Build.0 = Debug|Any CPU
		{A08CD8CC-2FEE-4A5C-9CB3-496E6080F281}.Release|Any CPU.ActiveCfg = Release|Any CPU
		{A08CD8CC-2FEE-4A5C-9CB3-496E6080F281}.Release|Any CPU.Build.0 = Release|Any CPU
		{A08CD8CC-2FEE-4A5C-9CB3-496E6080F281}.Debug|iPhoneSimulator.ActiveCfg = Debug|Any CPU
		{A08CD8CC-2FEE-4A5C-9CB3-496E6080F281}.Debug|iPhoneSimulator.Build.0 = Debug|Any CPU
		{A08CD8CC-2FEE-4A5C-9CB3-496E6080F281}.Release|iPhone.ActiveCfg = Release|Any CPU
		{A08CD8CC-2FEE-4A5C-9CB3-496E6080F281}.Release|iPhone.Build.0 = Release|Any CPU
		{A08CD8CC-2FEE-4A5C-9CB3-496E6080F281}.Release|iPhoneSimulator.ActiveCfg = Release|Any CPU
		{A08CD8CC-2FEE-4A5C-9CB3-496E6080F281}.Release|iPhoneSimulator.Build.0 = Release|Any CPU
		{A08CD8CC-2FEE-4A5C-9CB3-496E6080F281}.Debug|iPhone.ActiveCfg = Debug|Any CPU
		{A08CD8CC-2FEE-4A5C-9CB3-496E6080F281}.Debug|iPhone.Build.0 = Debug|Any CPU
	EndGlobalSection
EndGlobal
